
Microsoft Visual Studio Solution File, Format Version 12.00
# Visual Studio 15
Project("{FAE04EC0-301F-11D3-BF4B-00C04F79EFBC}") = "ShapeDrawer", "ShapeDrawer.csproj", "{DE51506B-A275-4949-9E3C-58C7AA041748}"
EndProject
Global
	GlobalSection(SolutionConfigurationPlatforms) = preSolution
		Debug|Any CPU = Debug|Any CPU
		Release|Any CPU = Release|Any CPU
	EndGlobalSection
	GlobalSection(ProjectConfigurationPlatforms) = postSolution
		{DE51506B-A275-4949-9E3C-58C7AA041748}.Debug|Any CPU.ActiveCfg = Debug|Any CPU
		{DE51506B-A275-4949-9E3C-58C7AA041748}.Debug|Any CPU.Build.0 = Debug|Any CPU
		{DE51506B-A275-4949-9E3C-58C7AA041748}.Release|Any CPU.ActiveCfg = Release|Any CPU
		{DE51506B-A275-4949-9E3C-58C7AA041748}.Release|Any CPU.Build.0 = Release|Any CPU
	EndGlobalSection
EndGlobal
